{
  "name": "lambda-script",
  "version": "1.0.0",
  "lockfileVersion": 2,
  "requires": true,
  "packages": {
    "": {
      "name": "lambda-script",
      "version": "1.0.0",
      "license": "ISC",
      "dependencies": {
        "newsapi": "^2.4.1"
      }
    },
    "node_modules/core-js": {
      "version": "3.17.3",
      "resolved": "https://registry.npmjs.org/core-js/-/core-js-3.17.3.tgz",
      "integrity": "sha512-lyvajs+wd8N1hXfzob1LdOCCHFU4bGMbqqmLn1Q4QlCpDqWPpGf+p0nj+LNrvDDG33j0hZXw2nsvvVpHysxyNw==",
      "hasInstallScript": true,
      "funding": {
        "type": "opencollective",
        "url": "https://opencollective.com/core-js"
      }
    },
    "node_modules/newsapi": {
      "version": "2.4.1",
      "resolved": "https://registry.npmjs.org/newsapi/-/newsapi-2.4.1.tgz",
      "integrity": "sha512-yw/aZBgDwNbNMqQ1V7XFKdW2jvL8Fh4qMiU0Awin87Rt6lbPnS8OuiLaL15Ws5X82/EXhzNf/djAlPHOWVgMJg==",
      "dependencies": {
        "core-js": "^3.6.5",
        "node-fetch": "^2.6.0"
      }
    },
    "node_modules/node-fetch": {
      "version": "2.6.2",
      "resolved": "https://registry.npmjs.org/node-fetch/-/node-fetch-2.6.2.tgz",
      "integrity": "sha512-aLoxToI6RfZ+0NOjmWAgn9+LEd30YCkJKFSyWacNZdEKTit/ZMcKjGkTRo8uWEsnIb/hfKecNPEbln02PdWbcA==",
      "engines": {
        "node": "4.x || >=6.0.0"
      }
    }
  },
  "dependencies": {
    "core-js": {
      "version": "3.17.3",
      "resolved": "https://registry.npmjs.org/core-js/-/core-js-3.17.3.tgz",
      "integrity": "sha512-lyvajs+wd8N1hXfzob1LdOCCHFU4bGMbqqmLn1Q4QlCpDqWPpGf+p0nj+LNrvDDG33j0hZXw2nsvvVpHysxyNw=="
    },
    "newsapi": {
      "version": "2.4.1",
      "resolved": "https://registry.npmjs.org/newsapi/-/newsapi-2.4.1.tgz",
      "integrity": "sha512-yw/aZBgDwNbNMqQ1V7XFKdW2jvL8Fh4qMiU0Awin87Rt6lbPnS8OuiLaL15Ws5X82/EXhzNf/djAlPHOWVgMJg==",
      "requires": {
        "core-js": "^3.6.5",
        "node-fetch": "^2.6.0"
      }
    },
    "node-fetch": {
      "version": "2.6.2",
      "resolved": "https://registry.npmjs.org/node-fetch/-/node-fetch-2.6.2.tgz",
      "integrity": "sha512-aLoxToI6RfZ+0NOjmWAgn9+LEd30YCkJKFSyWacNZdEKTit/ZMcKjGkTRo8uWEsnIb/hfKecNPEbln02PdWbcA=="
    }
  }
}
